
Microsoft Visual Studio Solution File, Format Version 12.00
# Visual Studio Version 17
VisualStudioVersion = 17.2.32616.157
MinimumVisualStudioVersion = 10.0.40219.1
Project("{FAE04EC0-301F-11D3-BF4B-00C04F79EFBC}") = "1.MatrixOfPalindromes", "1.MatrixOfPalindromes\1.MatrixOfPalindromes.csproj", "{76E17D64-D60F-4729-940C-F8335CABB398}"
EndProject
Project("{FAE04EC0-301F-11D3-BF4B-00C04F79EFBC}") = "2.DiagonalDifference", "2.DiagonalDifference\2.DiagonalDifference.csproj", "{A8512BBD-6622-4B17-BF9B-011B831A6306}"
EndProject
Project("{FAE04EC0-301F-11D3-BF4B-00C04F79EFBC}") = "3.SquaresInMatrix", "3.SquaresInMatrix\3.SquaresInMatrix.csproj", "{F5D2D499-9F23-4872-B9DE-CB885B1F846C}"
EndProject
Project("{FAE04EC0-301F-11D3-BF4B-00C04F79EFBC}") = "4.MaximalSum", "4.MaximalSum\4.MaximalSum.csproj", "{D0944A3E-0ED1-4BD3-B887-418E90AD917F}"
EndProject
Global
	GlobalSection(SolutionConfigurationPlatforms) = preSolution
		Debug|Any CPU = Debug|Any CPU
		Release|Any CPU = Release|Any CPU
	EndGlobalSection
	GlobalSection(ProjectConfigurationPlatforms) = postSolution
		{76E17D64-D60F-4729-940C-F8335CABB398}.Debug|Any CPU.ActiveCfg = Debug|Any CPU
		{76E17D64-D60F-4729-940C-F8335CABB398}.Debug|Any CPU.Build.0 = Debug|Any CPU
		{76E17D64-D60F-4729-940C-F8335CABB398}.Release|Any CPU.ActiveCfg = Release|Any CPU
		{76E17D64-D60F-4729-940C-F8335CABB398}.Release|Any CPU.Build.0 = Release|Any CPU
		{A8512BBD-6622-4B17-BF9B-011B831A6306}.Debug|Any CPU.ActiveCfg = Debug|Any CPU
		{A8512BBD-6622-4B17-BF9B-011B831A6306}.Debug|Any CPU.Build.0 = Debug|Any CPU
		{A8512BBD-6622-4B17-BF9B-011B831A6306}.Release|Any CPU.ActiveCfg = Release|Any CPU
		{A8512BBD-6622-4B17-BF9B-011B831A6306}.Release|Any CPU.Build.0 = Release|Any CPU
		{F5D2D499-9F23-4872-B9DE-CB885B1F846C}.Debug|Any CPU.ActiveCfg = Debug|Any CPU
		{F5D2D499-9F23-4872-B9DE-CB885B1F846C}.Debug|Any CPU.Build.0 = Debug|Any CPU
		{F5D2D499-9F23-4872-B9DE-CB885B1F846C}.Release|Any CPU.ActiveCfg = Release|Any CPU
		{F5D2D499-9F23-4872-B9DE-CB885B1F846C}.Release|Any CPU.Build.0 = Release|Any CPU
		{D0944A3E-0ED1-4BD3-B887-418E90AD917F}.Debug|Any CPU.ActiveCfg = Debug|Any CPU
		{D0944A3E-0ED1-4BD3-B887-418E90AD917F}.Debug|Any CPU.Build.0 = Debug|Any CPU
		{D0944A3E-0ED1-4BD3-B887-418E90AD917F}.Release|Any CPU.ActiveCfg = Release|Any CPU
		{D0944A3E-0ED1-4BD3-B887-418E90AD917F}.Release|Any CPU.Build.0 = Release|Any CPU
	EndGlobalSection
	GlobalSection(SolutionProperties) = preSolution
		HideSolutionNode = FALSE
	EndGlobalSection
	GlobalSection(ExtensibilityGlobals) = postSolution
		SolutionGuid = {C0A82226-D566-446F-99DE-03F681D7F4B3}
	EndGlobalSection
EndGlobal
