
Microsoft Visual Studio Solution File, Format Version 12.00
# Visual Studio Version 17
VisualStudioVersion = 17.2.32616.157
MinimumVisualStudioVersion = 10.0.40219.1
Project("{FAE04EC0-301F-11D3-BF4B-00C04F79EFBC}") = "01.SortEvenNumbers", "01.SortEvenNumbers\01.SortEvenNumbers.csproj", "{30B52098-442E-41D5-B4FB-9A642FD1EBAB}"
EndProject
Project("{FAE04EC0-301F-11D3-BF4B-00C04F79EFBC}") = "02.SumNumbers", "02.SumNumbers\02.SumNumbers.csproj", "{63937943-60FD-455A-9903-5B60869F5550}"
EndProject
Project("{FAE04EC0-301F-11D3-BF4B-00C04F79EFBC}") = "03.CountUppercaseWords", "03.CountUppercaseWords\03.CountUppercaseWords.csproj", "{0C04E7B9-5166-47DB-A32D-8A608FF33EC4}"
EndProject
Project("{FAE04EC0-301F-11D3-BF4B-00C04F79EFBC}") = "04.AddVAT", "04.AddVAT\04.AddVAT.csproj", "{73D688FD-5742-482F-9BD6-AEBF27FCBB6F}"
EndProject
Project("{FAE04EC0-301F-11D3-BF4B-00C04F79EFBC}") = "05.FilterByAge", "05.FilterByAge\05.FilterByAge.csproj", "{C32C499F-3A6C-44CE-BC27-512403B74885}"
EndProject
Global
	GlobalSection(SolutionConfigurationPlatforms) = preSolution
		Debug|Any CPU = Debug|Any CPU
		Release|Any CPU = Release|Any CPU
	EndGlobalSection
	GlobalSection(ProjectConfigurationPlatforms) = postSolution
		{30B52098-442E-41D5-B4FB-9A642FD1EBAB}.Debug|Any CPU.ActiveCfg = Debug|Any CPU
		{30B52098-442E-41D5-B4FB-9A642FD1EBAB}.Debug|Any CPU.Build.0 = Debug|Any CPU
		{30B52098-442E-41D5-B4FB-9A642FD1EBAB}.Release|Any CPU.ActiveCfg = Release|Any CPU
		{30B52098-442E-41D5-B4FB-9A642FD1EBAB}.Release|Any CPU.Build.0 = Release|Any CPU
		{63937943-60FD-455A-9903-5B60869F5550}.Debug|Any CPU.ActiveCfg = Debug|Any CPU
		{63937943-60FD-455A-9903-5B60869F5550}.Debug|Any CPU.Build.0 = Debug|Any CPU
		{63937943-60FD-455A-9903-5B60869F5550}.Release|Any CPU.ActiveCfg = Release|Any CPU
		{63937943-60FD-455A-9903-5B60869F5550}.Release|Any CPU.Build.0 = Release|Any CPU
		{0C04E7B9-5166-47DB-A32D-8A608FF33EC4}.Debug|Any CPU.ActiveCfg = Debug|Any CPU
		{0C04E7B9-5166-47DB-A32D-8A608FF33EC4}.Debug|Any CPU.Build.0 = Debug|Any CPU
		{0C04E7B9-5166-47DB-A32D-8A608FF33EC4}.Release|Any CPU.ActiveCfg = Release|Any CPU
		{0C04E7B9-5166-47DB-A32D-8A608FF33EC4}.Release|Any CPU.Build.0 = Release|Any CPU
		{73D688FD-5742-482F-9BD6-AEBF27FCBB6F}.Debug|Any CPU.ActiveCfg = Debug|Any CPU
		{73D688FD-5742-482F-9BD6-AEBF27FCBB6F}.Debug|Any CPU.Build.0 = Debug|Any CPU
		{73D688FD-5742-482F-9BD6-AEBF27FCBB6F}.Release|Any CPU.ActiveCfg = Release|Any CPU
		{73D688FD-5742-482F-9BD6-AEBF27FCBB6F}.Release|Any CPU.Build.0 = Release|Any CPU
		{C32C499F-3A6C-44CE-BC27-512403B74885}.Debug|Any CPU.ActiveCfg = Debug|Any CPU
		{C32C499F-3A6C-44CE-BC27-512403B74885}.Debug|Any CPU.Build.0 = Debug|Any CPU
		{C32C499F-3A6C-44CE-BC27-512403B74885}.Release|Any CPU.ActiveCfg = Release|Any CPU
		{C32C499F-3A6C-44CE-BC27-512403B74885}.Release|Any CPU.Build.0 = Release|Any CPU
	EndGlobalSection
	GlobalSection(SolutionProperties) = preSolution
		HideSolutionNode = FALSE
	EndGlobalSection
	GlobalSection(ExtensibilityGlobals) = postSolution
		SolutionGuid = {C3583C7F-6E3D-4886-A2B4-17F86B1DE447}
	EndGlobalSection
EndGlobal
