
Microsoft Visual Studio Solution File, Format Version 12.00
# Visual Studio Version 17
VisualStudioVersion = 17.2.32616.157
MinimumVisualStudioVersion = 10.0.40219.1
Project("{9A19103F-16F7-4668-BE54-9A1E7A4F7556}") = "01.BasicStackOperations", "01.BasicStackOperations\01.BasicStackOperations.csproj", "{ABC13B54-D92C-40AA-8A0D-0F7A26EFC4AE}"
EndProject
Project("{9A19103F-16F7-4668-BE54-9A1E7A4F7556}") = "02.BasicQueueOperations", "02.BasicQueueOperations\02.BasicQueueOperations.csproj", "{DDB9B60F-001E-4A2A-B235-68D5450AC425}"
EndProject
Project("{9A19103F-16F7-4668-BE54-9A1E7A4F7556}") = "03.MaximumAndMinimumElement", "03.MaximumAndMinimumElement\03.MaximumAndMinimumElement.csproj", "{DBA04B08-6FA0-4763-ABC0-70B1C9A6202C}"
EndProject
Project("{9A19103F-16F7-4668-BE54-9A1E7A4F7556}") = "04.FastFood", "04.FastFood\04.FastFood.csproj", "{8795BA07-5DBA-41BC-B24E-6E4BF1E40E06}"
EndProject
Project("{9A19103F-16F7-4668-BE54-9A1E7A4F7556}") = "05.FashionBoutique", "05.FashionBoutique\05.FashionBoutique.csproj", "{9596F79F-E6D9-4896-A597-866F0789FE6E}"
EndProject
Project("{9A19103F-16F7-4668-BE54-9A1E7A4F7556}") = "06.SongsQueue", "06.SongsQueue\06.SongsQueue.csproj", "{E2FBA6B8-B7C8-4D67-B259-2C9A18D3FE47}"
EndProject
Project("{9A19103F-16F7-4668-BE54-9A1E7A4F7556}") = "07.TruckTour", "07.TruckTour\07.TruckTour.csproj", "{6FE6B0D7-CFAA-43A3-85B9-4D56FF39008B}"
EndProject
Project("{9A19103F-16F7-4668-BE54-9A1E7A4F7556}") = "08.BalancedParenthesis", "08.BalancedParenthesis\08.BalancedParenthesis.csproj", "{A74DD62C-94B3-4C89-A923-A230B31A5245}"
EndProject
Project("{9A19103F-16F7-4668-BE54-9A1E7A4F7556}") = "09.SimpleTextEditor", "09.SimpleTextEditor\09.SimpleTextEditor.csproj", "{08992975-7078-4F68-ACE4-8CBF4809E687}"
EndProject
Project("{9A19103F-16F7-4668-BE54-9A1E7A4F7556}") = "10.Crossroads", "10.Crossroads\10.Crossroads.csproj", "{8ED855BE-0045-4541-A41C-2F782EA2A1F4}"
EndProject
Project("{9A19103F-16F7-4668-BE54-9A1E7A4F7556}") = "11.KeyRevolver", "11.KeyRevolver\11.KeyRevolver.csproj", "{6A129720-0DDE-49B7-9FD7-A397D0A311AB}"
EndProject
Project("{9A19103F-16F7-4668-BE54-9A1E7A4F7556}") = "12.CupsAndBottles", "12.CupsAndBottles\12.CupsAndBottles.csproj", "{8126399E-750E-4C1F-8498-28C49CCB1314}"
EndProject
Global
	GlobalSection(SolutionConfigurationPlatforms) = preSolution
		Debug|Any CPU = Debug|Any CPU
		Release|Any CPU = Release|Any CPU
	EndGlobalSection
	GlobalSection(ProjectConfigurationPlatforms) = postSolution
		{ABC13B54-D92C-40AA-8A0D-0F7A26EFC4AE}.Debug|Any CPU.ActiveCfg = Debug|Any CPU
		{ABC13B54-D92C-40AA-8A0D-0F7A26EFC4AE}.Debug|Any CPU.Build.0 = Debug|Any CPU
		{ABC13B54-D92C-40AA-8A0D-0F7A26EFC4AE}.Release|Any CPU.ActiveCfg = Release|Any CPU
		{ABC13B54-D92C-40AA-8A0D-0F7A26EFC4AE}.Release|Any CPU.Build.0 = Release|Any CPU
		{DDB9B60F-001E-4A2A-B235-68D5450AC425}.Debug|Any CPU.ActiveCfg = Debug|Any CPU
		{DDB9B60F-001E-4A2A-B235-68D5450AC425}.Debug|Any CPU.Build.0 = Debug|Any CPU
		{DDB9B60F-001E-4A2A-B235-68D5450AC425}.Release|Any CPU.ActiveCfg = Release|Any CPU
		{DDB9B60F-001E-4A2A-B235-68D5450AC425}.Release|Any CPU.Build.0 = Release|Any CPU
		{DBA04B08-6FA0-4763-ABC0-70B1C9A6202C}.Debug|Any CPU.ActiveCfg = Debug|Any CPU
		{DBA04B08-6FA0-4763-ABC0-70B1C9A6202C}.Debug|Any CPU.Build.0 = Debug|Any CPU
		{DBA04B08-6FA0-4763-ABC0-70B1C9A6202C}.Release|Any CPU.ActiveCfg = Release|Any CPU
		{DBA04B08-6FA0-4763-ABC0-70B1C9A6202C}.Release|Any CPU.Build.0 = Release|Any CPU
		{8795BA07-5DBA-41BC-B24E-6E4BF1E40E06}.Debug|Any CPU.ActiveCfg = Debug|Any CPU
		{8795BA07-5DBA-41BC-B24E-6E4BF1E40E06}.Debug|Any CPU.Build.0 = Debug|Any CPU
		{8795BA07-5DBA-41BC-B24E-6E4BF1E40E06}.Release|Any CPU.ActiveCfg = Release|Any CPU
		{8795BA07-5DBA-41BC-B24E-6E4BF1E40E06}.Release|Any CPU.Build.0 = Release|Any CPU
		{9596F79F-E6D9-4896-A597-866F0789FE6E}.Debug|Any CPU.ActiveCfg = Debug|Any CPU
		{9596F79F-E6D9-4896-A597-866F0789FE6E}.Debug|Any CPU.Build.0 = Debug|Any CPU
		{9596F79F-E6D9-4896-A597-866F0789FE6E}.Release|Any CPU.ActiveCfg = Release|Any CPU
		{9596F79F-E6D9-4896-A597-866F0789FE6E}.Release|Any CPU.Build.0 = Release|Any CPU
		{E2FBA6B8-B7C8-4D67-B259-2C9A18D3FE47}.Debug|Any CPU.ActiveCfg = Debug|Any CPU
		{E2FBA6B8-B7C8-4D67-B259-2C9A18D3FE47}.Debug|Any CPU.Build.0 = Debug|Any CPU
		{E2FBA6B8-B7C8-4D67-B259-2C9A18D3FE47}.Release|Any CPU.ActiveCfg = Release|Any CPU
		{E2FBA6B8-B7C8-4D67-B259-2C9A18D3FE47}.Release|Any CPU.Build.0 = Release|Any CPU
		{6FE6B0D7-CFAA-43A3-85B9-4D56FF39008B}.Debug|Any CPU.ActiveCfg = Debug|Any CPU
		{6FE6B0D7-CFAA-43A3-85B9-4D56FF39008B}.Debug|Any CPU.Build.0 = Debug|Any CPU
		{6FE6B0D7-CFAA-43A3-85B9-4D56FF39008B}.Release|Any CPU.ActiveCfg = Release|Any CPU
		{6FE6B0D7-CFAA-43A3-85B9-4D56FF39008B}.Release|Any CPU.Build.0 = Release|Any CPU
		{A74DD62C-94B3-4C89-A923-A230B31A5245}.Debug|Any CPU.ActiveCfg = Debug|Any CPU
		{A74DD62C-94B3-4C89-A923-A230B31A5245}.Debug|Any CPU.Build.0 = Debug|Any CPU
		{A74DD62C-94B3-4C89-A923-A230B31A5245}.Release|Any CPU.ActiveCfg = Release|Any CPU
		{A74DD62C-94B3-4C89-A923-A230B31A5245}.Release|Any CPU.Build.0 = Release|Any CPU
		{08992975-7078-4F68-ACE4-8CBF4809E687}.Debug|Any CPU.ActiveCfg = Debug|Any CPU
		{08992975-7078-4F68-ACE4-8CBF4809E687}.Debug|Any CPU.Build.0 = Debug|Any CPU
		{08992975-7078-4F68-ACE4-8CBF4809E687}.Release|Any CPU.ActiveCfg = Release|Any CPU
		{08992975-7078-4F68-ACE4-8CBF4809E687}.Release|Any CPU.Build.0 = Release|Any CPU
		{8ED855BE-0045-4541-A41C-2F782EA2A1F4}.Debug|Any CPU.ActiveCfg = Debug|Any CPU
		{8ED855BE-0045-4541-A41C-2F782EA2A1F4}.Debug|Any CPU.Build.0 = Debug|Any CPU
		{8ED855BE-0045-4541-A41C-2F782EA2A1F4}.Release|Any CPU.ActiveCfg = Release|Any CPU
		{8ED855BE-0045-4541-A41C-2F782EA2A1F4}.Release|Any CPU.Build.0 = Release|Any CPU
		{6A129720-0DDE-49B7-9FD7-A397D0A311AB}.Debug|Any CPU.ActiveCfg = Debug|Any CPU
		{6A129720-0DDE-49B7-9FD7-A397D0A311AB}.Debug|Any CPU.Build.0 = Debug|Any CPU
		{6A129720-0DDE-49B7-9FD7-A397D0A311AB}.Release|Any CPU.ActiveCfg = Release|Any CPU
		{6A129720-0DDE-49B7-9FD7-A397D0A311AB}.Release|Any CPU.Build.0 = Release|Any CPU
		{8126399E-750E-4C1F-8498-28C49CCB1314}.Debug|Any CPU.ActiveCfg = Debug|Any CPU
		{8126399E-750E-4C1F-8498-28C49CCB1314}.Debug|Any CPU.Build.0 = Debug|Any CPU
		{8126399E-750E-4C1F-8498-28C49CCB1314}.Release|Any CPU.ActiveCfg = Release|Any CPU
		{8126399E-750E-4C1F-8498-28C49CCB1314}.Release|Any CPU.Build.0 = Release|Any CPU
	EndGlobalSection
	GlobalSection(SolutionProperties) = preSolution
		HideSolutionNode = FALSE
	EndGlobalSection
	GlobalSection(ExtensibilityGlobals) = postSolution
		SolutionGuid = {4731428D-8F8D-4416-BB04-877FEF11B9DE}
	EndGlobalSection
EndGlobal
