
Microsoft Visual Studio Solution File, Format Version 12.00
# Visual Studio Version 17
VisualStudioVersion = 17.2.32616.157
MinimumVisualStudioVersion = 10.0.40219.1
Project("{FAE04EC0-301F-11D3-BF4B-00C04F79EFBC}") = "CarManufacturer", "CarManufacturer\CarManufacturer.csproj", "{81DBB5DF-A1E6-48AD-9A0C-234FBD872344}"
EndProject
Global
	GlobalSection(SolutionConfigurationPlatforms) = preSolution
		Debug|Any CPU = Debug|Any CPU
		Release|Any CPU = Release|Any CPU
	EndGlobalSection
	GlobalSection(ProjectConfigurationPlatforms) = postSolution
		{81DBB5DF-A1E6-48AD-9A0C-234FBD872344}.Debug|Any CPU.ActiveCfg = Debug|Any CPU
		{81DBB5DF-A1E6-48AD-9A0C-234FBD872344}.Debug|Any CPU.Build.0 = Debug|Any CPU
		{81DBB5DF-A1E6-48AD-9A0C-234FBD872344}.Release|Any CPU.ActiveCfg = Release|Any CPU
		{81DBB5DF-A1E6-48AD-9A0C-234FBD872344}.Release|Any CPU.Build.0 = Release|Any CPU
	EndGlobalSection
	GlobalSection(SolutionProperties) = preSolution
		HideSolutionNode = FALSE
	EndGlobalSection
	GlobalSection(ExtensibilityGlobals) = postSolution
		SolutionGuid = {A367214C-41DB-4186-A908-3256C71BC23D}
	EndGlobalSection
EndGlobal
